
Microsoft Visual Studio Solution File, Format Version 12.00
# Visual Studio 15
VisualStudioVersion = 15.0.27428.2005
MinimumVisualStudioVersion = 10.0.40219.1
Project("{FAE04EC0-301F-11D3-BF4B-00C04F79EFBC}") = "Newsletter", "Newsletter\Newsletter.csproj", "{634CC0AF-817E-4439-99EF-70190610EBF2}"
EndProject
Global
	GlobalSection(SolutionConfigurationPlatforms) = preSolution
		Debug|Any CPU = Debug|Any CPU
		Release|Any CPU = Release|Any CPU
	EndGlobalSection
	GlobalSection(ProjectConfigurationPlatforms) = postSolution
		{634CC0AF-817E-4439-99EF-70190610EBF2}.Debug|Any CPU.ActiveCfg = Debug|Any CPU
		{634CC0AF-817E-4439-99EF-70190610EBF2}.Debug|Any CPU.Build.0 = Debug|Any CPU
		{634CC0AF-817E-4439-99EF-70190610EBF2}.Release|Any CPU.ActiveCfg = Release|Any CPU
		{634CC0AF-817E-4439-99EF-70190610EBF2}.Release|Any CPU.Build.0 = Release|Any CPU
	EndGlobalSection
	GlobalSection(SolutionProperties) = preSolution
		HideSolutionNode = FALSE
	EndGlobalSection
	GlobalSection(ExtensibilityGlobals) = postSolution
		SolutionGuid = {D352D3FC-5AD8-48BE-A1C6-C9C55F6C5C88}
	EndGlobalSection
EndGlobal
